
Microsoft Visual Studio Solution File, Format Version 12.00
# Visual Studio Version 17
VisualStudioVersion = 17.4.33213.308
MinimumVisualStudioVersion = 10.0.40219.1
Project("{FAE04EC0-301F-11D3-BF4B-00C04F79EFBC}") = "TTT.Adb", "TTT.Adb\TTT.Adb.csproj", "{E37C317B-07E7-4193-808B-B7D2097856FE}"
EndProject
Global
	GlobalSection(SolutionConfigurationPlatforms) = preSolution
		Debug|Any CPU = Debug|Any CPU
		Release|Any CPU = Release|Any CPU
	EndGlobalSection
	GlobalSection(ProjectConfigurationPlatforms) = postSolution
		{E37C317B-07E7-4193-808B-B7D2097856FE}.Debug|Any CPU.ActiveCfg = Debug|Any CPU
		{E37C317B-07E7-4193-808B-B7D2097856FE}.Debug|Any CPU.Build.0 = Debug|Any CPU
		{E37C317B-07E7-4193-808B-B7D2097856FE}.Release|Any CPU.ActiveCfg = Release|Any CPU
		{E37C317B-07E7-4193-808B-B7D2097856FE}.Release|Any CPU.Build.0 = Release|Any CPU
	EndGlobalSection
	GlobalSection(SolutionProperties) = preSolution
		HideSolutionNode = FALSE
	EndGlobalSection
	GlobalSection(ExtensibilityGlobals) = postSolution
		SolutionGuid = {9E48167C-F0B5-4A83-9003-97E2F168E84D}
	EndGlobalSection
EndGlobal
